// !$*UTF8*$!
{
	archiveVersion = 1;
	classes = {
	};
	objectVersion = 56;
	objects = {

/* Begin PBXBuildFile section */
		84E2D3C4298A97090040727F /* AcronymCodeChallenge1App.swift in Sources */ = {isa = PBXBuildFile; fileRef = 84E2D3C3298A97090040727F /* AcronymCodeChallenge1App.swift */; };
		84E2D3C6298A97090040727F /* ContentView.swift in Sources */ = {isa = PBXBuildFile; fileRef = 84E2D3C5298A97090040727F /* ContentView.swift */; };
		84E2D3C8298A970B0040727F /* Assets.xcassets in Resources */ = {isa = PBXBuildFile; fileRef = 84E2D3C7298A970B0040727F /* Assets.xcassets */; };
		84E2D3CB298A970B0040727F /* Preview Assets.xcassets in Resources */ = {isa = PBXBuildFile; fileRef = 84E2D3CA298A970B0040727F /* Preview Assets.xcassets */; };
		84E2D3D3298AC9B80040727F /* AcronymListRepositoryImplementation.swift in Sources */ = {isa = PBXBuildFile; fileRef = 84E2D3D2298AC9B80040727F /* AcronymListRepositoryImplementation.swift */; };
		84E2D3D6298AC9E80040727F /* Acronym.swift in Sources */ = {isa = PBXBuildFile; fileRef = 84E2D3D5298AC9E80040727F /* Acronym.swift */; };
		84E2D3D9298ACA070040727F /* MainCoordinator.swift in Sources */ = {isa = PBXBuildFile; fileRef = 84E2D3D8298ACA070040727F /* MainCoordinator.swift */; };
		84E2D3DF298ACA120040727F /* Session.swift in Sources */ = {isa = PBXBuildFile; fileRef = 84E2D3DB298ACA120040727F /* Session.swift */; };
		84E2D3E0298ACA120040727F /* NetworkManager.swift in Sources */ = {isa = PBXBuildFile; fileRef = 84E2D3DC298ACA120040727F /* NetworkManager.swift */; };
		84E2D3E1298ACA120040727F /* NetworkError.swift in Sources */ = {isa = PBXBuildFile; fileRef = 84E2D3DD298ACA120040727F /* NetworkError.swift */; };
		84E2D3E2298ACA120040727F /* NetworkParams.swift in Sources */ = {isa = PBXBuildFile; fileRef = 84E2D3DE298ACA120040727F /* NetworkParams.swift */; };
		84E2D3E5298ACA360040727F /* AcronymViewModelType.swift in Sources */ = {isa = PBXBuildFile; fileRef = 84E2D3E4298ACA360040727F /* AcronymViewModelType.swift */; };
		84E2D3EB298ACA630040727F /* AcronymSearchViewController.swift in Sources */ = {isa = PBXBuildFile; fileRef = 84E2D3E7298ACA630040727F /* AcronymSearchViewController.swift */; };
		84E2D3EC298ACA630040727F /* SearchBar.swift in Sources */ = {isa = PBXBuildFile; fileRef = 84E2D3E8298ACA630040727F /* SearchBar.swift */; };
		84E2D3ED298ACA630040727F /* DetailScreen.swift in Sources */ = {isa = PBXBuildFile; fileRef = 84E2D3E9298ACA630040727F /* DetailScreen.swift */; };
		84E2D3FE298ACC4F0040727F /* NetworkManagerTests.swift in Sources */ = {isa = PBXBuildFile; fileRef = 84E2D3FD298ACC4F0040727F /* NetworkManagerTests.swift */; };
		84E2D400298ACC560040727F /* AcronymListRepositoryImplementationTests.swift in Sources */ = {isa = PBXBuildFile; fileRef = 84E2D3FF298ACC560040727F /* AcronymListRepositoryImplementationTests.swift */; };
		84E2D403298ACC690040727F /* AcronymSample.json in Resources */ = {isa = PBXBuildFile; fileRef = 84E2D402298ACC690040727F /* AcronymSample.json */; };
		84E2D408298ACC7B0040727F /* FakeNetworkManager.swift in Sources */ = {isa = PBXBuildFile; fileRef = 84E2D405298ACC7B0040727F /* FakeNetworkManager.swift */; };
		84E2D409298ACC7B0040727F /* MockNetwork.swift in Sources */ = {isa = PBXBuildFile; fileRef = 84E2D406298ACC7B0040727F /* MockNetwork.swift */; };
		84E2D40A298ACC7B0040727F /* MockSession.swift in Sources */ = {isa = PBXBuildFile; fileRef = 84E2D407298ACC7B0040727F /* MockSession.swift */; };
		84E2D40C298ACCF10040727F /* AcronymViewModelTests.swift in Sources */ = {isa = PBXBuildFile; fileRef = 84E2D40B298ACCF10040727F /* AcronymViewModelTests.swift */; };
		84E2D40F298AD0470040727F /* Localizable.strings in Resources */ = {isa = PBXBuildFile; fileRef = 84E2D40E298AD0470040727F /* Localizable.strings */; };
/* End PBXBuildFile section */

/* Begin PBXContainerItemProxy section */
		84E2D3F8298ACC220040727F /* PBXContainerItemProxy */ = {
			isa = PBXContainerItemProxy;
			containerPortal = 84E2D3B8298A97090040727F /* Project object */;
			proxyType = 1;
			remoteGlobalIDString = 84E2D3BF298A97090040727F;
			remoteInfo = AcronymCodeChallenge1;
		};
/* End PBXContainerItemProxy section */

/* Begin PBXFileReference section */
		84E2D3C0298A97090040727F /* AcronymCodeChallenge1.app */ = {isa = PBXFileReference; explicitFileType = wrapper.application; includeInIndex = 0; path = AcronymCodeChallenge1.app; sourceTree = BUILT_PRODUCTS_DIR; };
		84E2D3C3298A97090040727F /* AcronymCodeChallenge1App.swift */ = {isa = PBXFileReference; lastKnownFileType = sourcecode.swift; path = AcronymCodeChallenge1App.swift; sourceTree = "<group>"; };
		84E2D3C5298A97090040727F /* ContentView.swift */ = {isa = PBXFileReference; lastKnownFileType = sourcecode.swift; path = ContentView.swift; sourceTree = "<group>"; };
		84E2D3C7298A970B0040727F /* Assets.xcassets */ = {isa = PBXFileReference; lastKnownFileType = folder.assetcatalog; path = Assets.xcassets; sourceTree = "<group>"; };
		84E2D3CA298A970B0040727F /* Preview Assets.xcassets */ = {isa = PBXFileReference; lastKnownFileType = folder.assetcatalog; path = "Preview Assets.xcassets"; sourceTree = "<group>"; };
		84E2D3D2298AC9B80040727F /* AcronymListRepositoryImplementation.swift */ = {isa = PBXFileReference; fileEncoding = 4; lastKnownFileType = sourcecode.swift; path = AcronymListRepositoryImplementation.swift; sourceTree = "<group>"; };
		84E2D3D5298AC9E80040727F /* Acronym.swift */ = {isa = PBXFileReference; fileEncoding = 4; lastKnownFileType = sourcecode.swift; path = Acronym.swift; sourceTree = "<group>"; };
		84E2D3D8298ACA070040727F /* MainCoordinator.swift */ = {isa = PBXFileReference; fileEncoding = 4; lastKnownFileType = sourcecode.swift; path = MainCoordinator.swift; sourceTree = "<group>"; };
		84E2D3DB298ACA120040727F /* Session.swift */ = {isa = PBXFileReference; fileEncoding = 4; lastKnownFileType = sourcecode.swift; path = Session.swift; sourceTree = "<group>"; };
		84E2D3DC298ACA120040727F /* NetworkManager.swift */ = {isa = PBXFileReference; fileEncoding = 4; lastKnownFileType = sourcecode.swift; path = NetworkManager.swift; sourceTree = "<group>"; };
		84E2D3DD298ACA120040727F /* NetworkError.swift */ = {isa = PBXFileReference; fileEncoding = 4; lastKnownFileType = sourcecode.swift; path = NetworkError.swift; sourceTree = "<group>"; };
		84E2D3DE298ACA120040727F /* NetworkParams.swift */ = {isa = PBXFileReference; fileEncoding = 4; lastKnownFileType = sourcecode.swift; path = NetworkParams.swift; sourceTree = "<group>"; };
		84E2D3E4298ACA360040727F /* AcronymViewModelType.swift */ = {isa = PBXFileReference; fileEncoding = 4; lastKnownFileType = sourcecode.swift; path = AcronymViewModelType.swift; sourceTree = "<group>"; };
		84E2D3E7298ACA630040727F /* AcronymSearchViewController.swift */ = {isa = PBXFileReference; fileEncoding = 4; lastKnownFileType = sourcecode.swift; path = AcronymSearchViewController.swift; sourceTree = "<group>"; };
		84E2D3E8298ACA630040727F /* SearchBar.swift */ = {isa = PBXFileReference; fileEncoding = 4; lastKnownFileType = sourcecode.swift; path = SearchBar.swift; sourceTree = "<group>"; };
		84E2D3E9298ACA630040727F /* DetailScreen.swift */ = {isa = PBXFileReference; fileEncoding = 4; lastKnownFileType = sourcecode.swift; path = DetailScreen.swift; sourceTree = "<group>"; };
		84E2D3EF298ACB780040727F /* Info.plist */ = {isa = PBXFileReference; lastKnownFileType = text.plist; path = Info.plist; sourceTree = "<group>"; };
		84E2D3F4298ACC220040727F /* AcronymCodeChallenge1Tests.xctest */ = {isa = PBXFileReference; explicitFileType = wrapper.cfbundle; includeInIndex = 0; path = AcronymCodeChallenge1Tests.xctest; sourceTree = BUILT_PRODUCTS_DIR; };
		84E2D3FD298ACC4F0040727F /* NetworkManagerTests.swift */ = {isa = PBXFileReference; fileEncoding = 4; lastKnownFileType = sourcecode.swift; path = NetworkManagerTests.swift; sourceTree = "<group>"; };
		84E2D3FF298ACC560040727F /* AcronymListRepositoryImplementationTests.swift */ = {isa = PBXFileReference; fileEncoding = 4; lastKnownFileType = sourcecode.swift; path = AcronymListRepositoryImplementationTests.swift; sourceTree = "<group>"; };
		84E2D402298ACC690040727F /* AcronymSample.json */ = {isa = PBXFileReference; fileEncoding = 4; lastKnownFileType = text.json; path = AcronymSample.json; sourceTree = "<group>"; };
		84E2D405298ACC7B0040727F /* FakeNetworkManager.swift */ = {isa = PBXFileReference; fileEncoding = 4; lastKnownFileType = sourcecode.swift; path = FakeNetworkManager.swift; sourceTree = "<group>"; };
		84E2D406298ACC7B0040727F /* MockNetwork.swift */ = {isa = PBXFileReference; fileEncoding = 4; lastKnownFileType = sourcecode.swift; path = MockNetwork.swift; sourceTree = "<group>"; };
		84E2D407298ACC7B0040727F /* MockSession.swift */ = {isa = PBXFileReference; fileEncoding = 4; lastKnownFileType = sourcecode.swift; path = MockSession.swift; sourceTree = "<group>"; };
		84E2D40B298ACCF10040727F /* AcronymViewModelTests.swift */ = {isa = PBXFileReference; fileEncoding = 4; lastKnownFileType = sourcecode.swift; path = AcronymViewModelTests.swift; sourceTree = "<group>"; };
		84E2D40E298AD0470040727F /* Localizable.strings */ = {isa = PBXFileReference; fileEncoding = 4; lastKnownFileType = text.plist.strings; path = Localizable.strings; sourceTree = "<group>"; };
		84E2D410298AD12A0040727F /* README.md */ = {isa = PBXFileReference; lastKnownFileType = net.daringfireball.markdown; path = README.md; sourceTree = "<group>"; };
/* End PBXFileReference section */

/* Begin PBXFrameworksBuildPhase section */
		84E2D3BD298A97090040727F /* Frameworks */ = {
			isa = PBXFrameworksBuildPhase;
			buildActionMask = 2147483647;
			files = (
			);
			runOnlyForDeploymentPostprocessing = 0;
		};
		84E2D3F1298ACC220040727F /* Frameworks */ = {
			isa = PBXFrameworksBuildPhase;
			buildActionMask = 2147483647;
			files = (
			);
			runOnlyForDeploymentPostprocessing = 0;
		};
/* End PBXFrameworksBuildPhase section */

/* Begin PBXGroup section */
		84E2D3B7298A97090040727F = {
			isa = PBXGroup;
			children = (
				84E2D3C2298A97090040727F /* AcronymCodeChallenge1 */,
				84E2D3F5298ACC220040727F /* AcronymCodeChallenge1Tests */,
				84E2D410298AD12A0040727F /* README.md */,
				84E2D3C1298A97090040727F /* Products */,
			);
			sourceTree = "<group>";
		};
		84E2D3C1298A97090040727F /* Products */ = {
			isa = PBXGroup;
			children = (
				84E2D3C0298A97090040727F /* AcronymCodeChallenge1.app */,
				84E2D3F4298ACC220040727F /* AcronymCodeChallenge1Tests.xctest */,
			);
			name = Products;
			sourceTree = "<group>";
		};
		84E2D3C2298A97090040727F /* AcronymCodeChallenge1 */ = {
			isa = PBXGroup;
			children = (
				84E2D3EF298ACB780040727F /* Info.plist */,
				84E2D3D1298AC98A0040727F /* Repository */,
				84E2D3D7298AC9F40040727F /* Coordinator */,
				84E2D3D4298AC9CA0040727F /* Model */,
				84E2D3E6298ACA630040727F /* View */,
				84E2D3E3298ACA360040727F /* ViewModel */,
				84E2D3DA298ACA120040727F /* Networking */,
				84E2D3C5298A97090040727F /* ContentView.swift */,
				84E2D3C7298A970B0040727F /* Assets.xcassets */,
				84E2D40D298AD0470040727F /* Resources */,
				84E2D3C9298A970B0040727F /* Preview Content */,
			);
			path = AcronymCodeChallenge1;
			sourceTree = "<group>";
		};
		84E2D3C9298A970B0040727F /* Preview Content */ = {
			isa = PBXGroup;
			children = (
				84E2D3CA298A970B0040727F /* Preview Assets.xcassets */,
			);
			path = "Preview Content";
			sourceTree = "<group>";
		};
		84E2D3D1298AC98A0040727F /* Repository */ = {
			isa = PBXGroup;
			children = (
				84E2D3D2298AC9B80040727F /* AcronymListRepositoryImplementation.swift */,
			);
			path = Repository;
			sourceTree = "<group>";
		};
		84E2D3D4298AC9CA0040727F /* Model */ = {
			isa = PBXGroup;
			children = (
				84E2D3D5298AC9E80040727F /* Acronym.swift */,
			);
			path = Model;
			sourceTree = "<group>";
		};
		84E2D3D7298AC9F40040727F /* Coordinator */ = {
			isa = PBXGroup;
			children = (
				84E2D3D8298ACA070040727F /* MainCoordinator.swift */,
			);
			path = Coordinator;
			sourceTree = "<group>";
		};
		84E2D3DA298ACA120040727F /* Networking */ = {
			isa = PBXGroup;
			children = (
				84E2D3DB298ACA120040727F /* Session.swift */,
				84E2D3DC298ACA120040727F /* NetworkManager.swift */,
				84E2D3DD298ACA120040727F /* NetworkError.swift */,
				84E2D3DE298ACA120040727F /* NetworkParams.swift */,
			);
			path = Networking;
			sourceTree = "<group>";
		};
		84E2D3E3298ACA360040727F /* ViewModel */ = {
			isa = PBXGroup;
			children = (
				84E2D3E4298ACA360040727F /* AcronymViewModelType.swift */,
			);
			path = ViewModel;
			sourceTree = "<group>";
		};
		84E2D3E6298ACA630040727F /* View */ = {
			isa = PBXGroup;
			children = (
				84E2D3E7298ACA630040727F /* AcronymSearchViewController.swift */,
				84E2D3E8298ACA630040727F /* SearchBar.swift */,
				84E2D3E9298ACA630040727F /* DetailScreen.swift */,
				84E2D3C3298A97090040727F /* AcronymCodeChallenge1App.swift */,
			);
			path = View;
			sourceTree = "<group>";
		};
		84E2D3F5298ACC220040727F /* AcronymCodeChallenge1Tests */ = {
			isa = PBXGroup;
			children = (
				84E2D3FD298ACC4F0040727F /* NetworkManagerTests.swift */,
				84E2D40B298ACCF10040727F /* AcronymViewModelTests.swift */,
				84E2D3FF298ACC560040727F /* AcronymListRepositoryImplementationTests.swift */,
				84E2D401298ACC690040727F /* Stubs */,
				84E2D404298ACC7B0040727F /* Mocks */,
			);
			path = AcronymCodeChallenge1Tests;
			sourceTree = "<group>";
		};
		84E2D401298ACC690040727F /* Stubs */ = {
			isa = PBXGroup;
			children = (
				84E2D402298ACC690040727F /* AcronymSample.json */,
			);
			path = Stubs;
			sourceTree = "<group>";
		};
		84E2D404298ACC7B0040727F /* Mocks */ = {
			isa = PBXGroup;
			children = (
				84E2D405298ACC7B0040727F /* FakeNetworkManager.swift */,
				84E2D406298ACC7B0040727F /* MockNetwork.swift */,
				84E2D407298ACC7B0040727F /* MockSession.swift */,
			);
			path = Mocks;
			sourceTree = "<group>";
		};
		84E2D40D298AD0470040727F /* Resources */ = {
			isa = PBXGroup;
			children = (
				84E2D40E298AD0470040727F /* Localizable.strings */,
			);
			path = Resources;
			sourceTree = "<group>";
		};
/* End PBXGroup section */

/* Begin PBXNativeTarget section */
		84E2D3BF298A97090040727F /* AcronymCodeChallenge1 */ = {
			isa = PBXNativeTarget;
			buildConfigurationList = 84E2D3CE298A970B0040727F /* Build configuration list for PBXNativeTarget "AcronymCodeChallenge1" */;
			buildPhases = (
				84E2D3BC298A97090040727F /* Sources */,
				84E2D3BD298A97090040727F /* Frameworks */,
				84E2D3BE298A97090040727F /* Resources */,
			);
			buildRules = (
			);
			dependencies = (
			);
			name = AcronymCodeChallenge1;
			productName = AcronymCodeChallenge1;
			productReference = 84E2D3C0298A97090040727F /* AcronymCodeChallenge1.app */;
			productType = "com.apple.product-type.application";
		};
		84E2D3F3298ACC220040727F /* AcronymCodeChallenge1Tests */ = {
			isa = PBXNativeTarget;
			buildConfigurationList = 84E2D3FA298ACC220040727F /* Build configuration list for PBXNativeTarget "AcronymCodeChallenge1Tests" */;
			buildPhases = (
				84E2D3F0298ACC220040727F /* Sources */,
				84E2D3F1298ACC220040727F /* Frameworks */,
				84E2D3F2298ACC220040727F /* Resources */,
			);
			buildRules = (
			);
			dependencies = (
				84E2D3F9298ACC220040727F /* PBXTargetDependency */,
			);
			name = AcronymCodeChallenge1Tests;
			productName = AcronymCodeChallenge1Tests;
			productReference = 84E2D3F4298ACC220040727F /* AcronymCodeChallenge1Tests.xctest */;
			productType = "com.apple.product-type.bundle.unit-test";
		};
/* End PBXNativeTarget section */

/* Begin PBXProject section */
		84E2D3B8298A97090040727F /* Project object */ = {
			isa = PBXProject;
			attributes = {
				BuildIndependentTargetsInParallel = 1;
				LastSwiftUpdateCheck = 1420;
				LastUpgradeCheck = 1420;
				TargetAttributes = {
					84E2D3BF298A97090040727F = {
						CreatedOnToolsVersion = 14.2;
					};
					84E2D3F3298ACC220040727F = {
						CreatedOnToolsVersion = 14.2;
						TestTargetID = 84E2D3BF298A97090040727F;
					};
				};
			};
			buildConfigurationList = 84E2D3BB298A97090040727F /* Build configuration list for PBXProject "AcronymCodeChallenge1" */;
			compatibilityVersion = "Xcode 14.0";
			developmentRegion = en;
			hasScannedForEncodings = 0;
			knownRegions = (
				en,
				Base,
			);
			mainGroup = 84E2D3B7298A97090040727F;
			productRefGroup = 84E2D3C1298A97090040727F /* Products */;
			projectDirPath = "";
			projectRoot = "";
			targets = (
				84E2D3BF298A97090040727F /* AcronymCodeChallenge1 */,
				84E2D3F3298ACC220040727F /* AcronymCodeChallenge1Tests */,
			);
		};
/* End PBXProject section */

/* Begin PBXResourcesBuildPhase section */
		84E2D3BE298A97090040727F /* Resources */ = {
			isa = PBXResourcesBuildPhase;
			buildActionMask = 2147483647;
			files = (
				84E2D3CB298A970B0040727F /* Preview Assets.xcassets in Resources */,
				84E2D40F298AD0470040727F /* Localizable.strings in Resources */,
				84E2D3C8298A970B0040727F /* Assets.xcassets in Resources */,
			);
			runOnlyForDeploymentPostprocessing = 0;
		};
		84E2D3F2298ACC220040727F /* Resources */ = {
			isa = PBXResourcesBuildPhase;
			buildActionMask = 2147483647;
			files = (
				84E2D403298ACC690040727F /* AcronymSample.json in Resources */,
			);
			runOnlyForDeploymentPostprocessing = 0;
		};
/* End PBXResourcesBuildPhase section */

/* Begin PBXSourcesBuildPhase section */
		84E2D3BC298A97090040727F /* Sources */ = {
			isa = PBXSourcesBuildPhase;
			buildActionMask = 2147483647;
			files = (
				84E2D3C6298A97090040727F /* ContentView.swift in Sources */,
				84E2D3E1298ACA120040727F /* NetworkError.swift in Sources */,
				84E2D3D6298AC9E80040727F /* Acronym.swift in Sources */,
				84E2D3DF298ACA120040727F /* Session.swift in Sources */,
				84E2D3E0298ACA120040727F /* NetworkManager.swift in Sources */,
				84E2D3EC298ACA630040727F /* SearchBar.swift in Sources */,
				84E2D3C4298A97090040727F /* AcronymCodeChallenge1App.swift in Sources */,
				84E2D3E5298ACA360040727F /* AcronymViewModelType.swift in Sources */,
				84E2D3ED298ACA630040727F /* DetailScreen.swift in Sources */,
				84E2D3D9298ACA070040727F /* MainCoordinator.swift in Sources */,
				84E2D3D3298AC9B80040727F /* AcronymListRepositoryImplementation.swift in Sources */,
				84E2D3EB298ACA630040727F /* AcronymSearchViewController.swift in Sources */,
				84E2D3E2298ACA120040727F /* NetworkParams.swift in Sources */,
			);
			runOnlyForDeploymentPostprocessing = 0;
		};
		84E2D3F0298ACC220040727F /* Sources */ = {
			isa = PBXSourcesBuildPhase;
			buildActionMask = 2147483647;
			files = (
				84E2D40A298ACC7B0040727F /* MockSession.swift in Sources */,
				84E2D3FE298ACC4F0040727F /* NetworkManagerTests.swift in Sources */,
				84E2D40C298ACCF10040727F /* AcronymViewModelTests.swift in Sources */,
				84E2D409298ACC7B0040727F /* MockNetwork.swift in Sources */,
				84E2D400298ACC560040727F /* AcronymListRepositoryImplementationTests.swift in Sources */,
				84E2D408298ACC7B0040727F /* FakeNetworkManager.swift in Sources */,
			);
			runOnlyForDeploymentPostprocessing = 0;
		};
/* End PBXSourcesBuildPhase section */

/* Begin PBXTargetDependency section */
		84E2D3F9298ACC220040727F /* PBXTargetDependency */ = {
			isa = PBXTargetDependency;
			target = 84E2D3BF298A97090040727F /* AcronymCodeChallenge1 */;
			targetProxy = 84E2D3F8298ACC220040727F /* PBXContainerItemProxy */;
		};
/* End PBXTargetDependency section */

/* Begin XCBuildConfiguration section */
		84E2D3CC298A970B0040727F /* Debug */ = {
			isa = XCBuildConfiguration;
			buildSettings = {
				ALWAYS_SEARCH_USER_PATHS = NO;
				CLANG_ANALYZER_NONNULL = YES;
				CLANG_ANALYZER_NUMBER_OBJECT_CONVERSION = YES_AGGRESSIVE;
				CLANG_CXX_LANGUAGE_STANDARD = "gnu++20";
				CLANG_ENABLE_MODULES = YES;
				CLANG_ENABLE_OBJC_ARC = YES;
				CLANG_ENABLE_OBJC_WEAK = YES;
				CLANG_WARN_BLOCK_CAPTURE_AUTORELEASING = YES;
				CLANG_WARN_BOOL_CONVERSION = YES;
				CLANG_WARN_COMMA = YES;
				CLANG_WARN_CONSTANT_CONVERSION = YES;
				CLANG_WARN_DEPRECATED_OBJC_IMPLEMENTATIONS = YES;
				CLANG_WARN_DIRECT_OBJC_ISA_USAGE = YES_ERROR;
				CLANG_WARN_DOCUMENTATION_COMMENTS = YES;
				CLANG_WARN_EMPTY_BODY = YES;
				CLANG_WARN_ENUM_CONVERSION = YES;
				CLANG_WARN_INFINITE_RECURSION = YES;
				CLANG_WARN_INT_CONVERSION = YES;
				CLANG_WARN_NON_LITERAL_NULL_CONVERSION = YES;
				CLANG_WARN_OBJC_IMPLICIT_RETAIN_SELF = YES;
				CLANG_WARN_OBJC_LITERAL_CONVERSION = YES;
				CLANG_WARN_OBJC_ROOT_CLASS = YES_ERROR;
				CLANG_WARN_QUOTED_INCLUDE_IN_FRAMEWORK_HEADER = YES;
				CLANG_WARN_RANGE_LOOP_ANALYSIS = YES;
				CLANG_WARN_STRICT_PROTOTYPES = YES;
				CLANG_WARN_SUSPICIOUS_MOVE = YES;
				CLANG_WARN_UNGUARDED_AVAILABILITY = YES_AGGRESSIVE;
				CLANG_WARN_UNREACHABLE_CODE = YES;
				CLANG_WARN__DUPLICATE_METHOD_MATCH = YES;
				COPY_PHASE_STRIP = NO;
				DEBUG_INFORMATION_FORMAT = dwarf;
				ENABLE_STRICT_OBJC_MSGSEND = YES;
				ENABLE_TESTABILITY = YES;
				GCC_C_LANGUAGE_STANDARD = gnu11;
				GCC_DYNAMIC_NO_PIC = NO;
				GCC_NO_COMMON_BLOCKS = YES;
				GCC_OPTIMIZATION_LEVEL = 0;
				GCC_PREPROCESSOR_DEFINITIONS = (
					"DEBUG=1",
					"$(inherited)",
				);
				GCC_WARN_64_TO_32_BIT_CONVERSION = YES;
				GCC_WARN_ABOUT_RETURN_TYPE = YES_ERROR;
				GCC_WARN_UNDECLARED_SELECTOR = YES;
				GCC_WARN_UNINITIALIZED_AUTOS = YES_AGGRESSIVE;
				GCC_WARN_UNUSED_FUNCTION = YES;
				GCC_WARN_UNUSED_VARIABLE = YES;
				IPHONEOS_DEPLOYMENT_TARGET = 16.2;
				MTL_ENABLE_DEBUG_INFO = INCLUDE_SOURCE;
				MTL_FAST_MATH = YES;
				ONLY_ACTIVE_ARCH = YES;
				SDKROOT = iphoneos;
				SWIFT_ACTIVE_COMPILATION_CONDITIONS = DEBUG;
				SWIFT_OPTIMIZATION_LEVEL = "-Onone";
			};
			name = Debug;
		};
		84E2D3CD298A970B0040727F /* Release */ = {
			isa = XCBuildConfiguration;
			buildSettings = {
				ALWAYS_SEARCH_USER_PATHS = NO;
				CLANG_ANALYZER_NONNULL = YES;
				CLANG_ANALYZER_NUMBER_OBJECT_CONVERSION = YES_AGGRESSIVE;
				CLANG_CXX_LANGUAGE_STANDARD = "gnu++20";
				CLANG_ENABLE_MODULES = YES;
				CLANG_ENABLE_OBJC_ARC = YES;
				CLANG_ENABLE_OBJC_WEAK = YES;
				CLANG_WARN_BLOCK_CAPTURE_AUTORELEASING = YES;
				CLANG_WARN_BOOL_CONVERSION = YES;
				CLANG_WARN_COMMA = YES;
				CLANG_WARN_CONSTANT_CONVERSION = YES;
				CLANG_WARN_DEPRECATED_OBJC_IMPLEMENTATIONS = YES;
				CLANG_WARN_DIRECT_OBJC_ISA_USAGE = YES_ERROR;
				CLANG_WARN_DOCUMENTATION_COMMENTS = YES;
				CLANG_WARN_EMPTY_BODY = YES;
				CLANG_WARN_ENUM_CONVERSION = YES;
				CLANG_WARN_INFINITE_RECURSION = YES;
				CLANG_WARN_INT_CONVERSION = YES;
				CLANG_WARN_NON_LITERAL_NULL_CONVERSION = YES;
				CLANG_WARN_OBJC_IMPLICIT_RETAIN_SELF = YES;
				CLANG_WARN_OBJC_LITERAL_CONVERSION = YES;
				CLANG_WARN_OBJC_ROOT_CLASS = YES_ERROR;
				CLANG_WARN_QUOTED_INCLUDE_IN_FRAMEWORK_HEADER = YES;
				CLANG_WARN_RANGE_LOOP_ANALYSIS = YES;
				CLANG_WARN_STRICT_PROTOTYPES = YES;
				CLANG_WARN_SUSPICIOUS_MOVE = YES;
				CLANG_WARN_UNGUARDED_AVAILABILITY = YES_AGGRESSIVE;
				CLANG_WARN_UNREACHABLE_CODE = YES;
				CLANG_WARN__DUPLICATE_METHOD_MATCH = YES;
				COPY_PHASE_STRIP = NO;
				DEBUG_INFORMATION_FORMAT = "dwarf-with-dsym";
				ENABLE_NS_ASSERTIONS = NO;
				ENABLE_STRICT_OBJC_MSGSEND = YES;
				GCC_C_LANGUAGE_STANDARD = gnu11;
				GCC_NO_COMMON_BLOCKS = YES;
				GCC_WARN_64_TO_32_BIT_CONVERSION = YES;
				GCC_WARN_ABOUT_RETURN_TYPE = YES_ERROR;
				GCC_WARN_UNDECLARED_SELECTOR = YES;
				GCC_WARN_UNINITIALIZED_AUTOS = YES_AGGRESSIVE;
				GCC_WARN_UNUSED_FUNCTION = YES;
				GCC_WARN_UNUSED_VARIABLE = YES;
				IPHONEOS_DEPLOYMENT_TARGET = 16.2;
				MTL_ENABLE_DEBUG_INFO = NO;
				MTL_FAST_MATH = YES;
				SDKROOT = iphoneos;
				SWIFT_COMPILATION_MODE = wholemodule;
				SWIFT_OPTIMIZATION_LEVEL = "-O";
				VALIDATE_PRODUCT = YES;
			};
			name = Release;
		};
		84E2D3CF298A970B0040727F /* Debug */ = {
			isa = XCBuildConfiguration;
			buildSettings = {
				ASSETCATALOG_COMPILER_APPICON_NAME = AppIcon;
				ASSETCATALOG_COMPILER_GLOBAL_ACCENT_COLOR_NAME = AccentColor;
				CODE_SIGN_STYLE = Automatic;
				CURRENT_PROJECT_VERSION = 1;
				DEVELOPMENT_ASSET_PATHS = "\"AcronymCodeChallenge1/Preview Content\"";
				ENABLE_PREVIEWS = YES;
				GENERATE_INFOPLIST_FILE = YES;
				INFOPLIST_FILE = AcronymCodeChallenge1/Info.plist;
				INFOPLIST_KEY_UIApplicationSceneManifest_Generation = YES;
				INFOPLIST_KEY_UIApplicationSupportsIndirectInputEvents = YES;
				INFOPLIST_KEY_UILaunchScreen_Generation = YES;
				INFOPLIST_KEY_UISupportedInterfaceOrientations_iPad = "UIInterfaceOrientationPortrait UIInterfaceOrientationPortraitUpsideDown UIInterfaceOrientationLandscapeLeft UIInterfaceOrientationLandscapeRight";
				INFOPLIST_KEY_UISupportedInterfaceOrientations_iPhone = "UIInterfaceOrientationPortrait UIInterfaceOrientationLandscapeLeft UIInterfaceOrientationLandscapeRight";
				LD_RUNPATH_SEARCH_PATHS = (
					"$(inherited)",
					"@executable_path/Frameworks",
				);
				MARKETING_VERSION = 1.0;
				PRODUCT_BUNDLE_IDENTIFIER = com.enhanceit.AcronymCodeChallenge1;
				PRODUCT_NAME = "$(TARGET_NAME)";
				SWIFT_EMIT_LOC_STRINGS = YES;
				SWIFT_VERSION = 5.0;
				TARGETED_DEVICE_FAMILY = "1,2";
			};
			name = Debug;
		};
		84E2D3D0298A970B0040727F /* Release */ = {
			isa = XCBuildConfiguration;
			buildSettings = {
				ASSETCATALOG_COMPILER_APPICON_NAME = AppIcon;
				ASSETCATALOG_COMPILER_GLOBAL_ACCENT_COLOR_NAME = AccentColor;
				CODE_SIGN_STYLE = Automatic;
				CURRENT_PROJECT_VERSION = 1;
				DEVELOPMENT_ASSET_PATHS = "\"AcronymCodeChallenge1/Preview Content\"";
				ENABLE_PREVIEWS = YES;
				GENERATE_INFOPLIST_FILE = YES;
				INFOPLIST_FILE = AcronymCodeChallenge1/Info.plist;
				INFOPLIST_KEY_UIApplicationSceneManifest_Generation = YES;
				INFOPLIST_KEY_UIApplicationSupportsIndirectInputEvents = YES;
				INFOPLIST_KEY_UILaunchScreen_Generation = YES;
				INFOPLIST_KEY_UISupportedInterfaceOrientations_iPad = "UIInterfaceOrientationPortrait UIInterfaceOrientationPortraitUpsideDown UIInterfaceOrientationLandscapeLeft UIInterfaceOrientationLandscapeRight";
				INFOPLIST_KEY_UISupportedInterfaceOrientations_iPhone = "UIInterfaceOrientationPortrait UIInterfaceOrientationLandscapeLeft UIInterfaceOrientationLandscapeRight";
				LD_RUNPATH_SEARCH_PATHS = (
					"$(inherited)",
					"@executable_path/Frameworks",
				);
				MARKETING_VERSION = 1.0;
				PRODUCT_BUNDLE_IDENTIFIER = com.enhanceit.AcronymCodeChallenge1;
				PRODUCT_NAME = "$(TARGET_NAME)";
				SWIFT_EMIT_LOC_STRINGS = YES;
				SWIFT_VERSION = 5.0;
				TARGETED_DEVICE_FAMILY = "1,2";
			};
			name = Release;
		};
		84E2D3FB298ACC220040727F /* Debug */ = {
			isa = XCBuildConfiguration;
			buildSettings = {
				BUNDLE_LOADER = "$(TEST_HOST)";
				CODE_SIGN_STYLE = Automatic;
				CURRENT_PROJECT_VERSION = 1;
				GENERATE_INFOPLIST_FILE = YES;
				MARKETING_VERSION = 1.0;
				PRODUCT_BUNDLE_IDENTIFIER = com.enhanceit.AcronymCodeChallenge1Tests;
				PRODUCT_NAME = "$(TARGET_NAME)";
				SWIFT_EMIT_LOC_STRINGS = NO;
				SWIFT_VERSION = 5.0;
				TARGETED_DEVICE_FAMILY = "1,2";
				TEST_HOST = "$(BUILT_PRODUCTS_DIR)/AcronymCodeChallenge1.app/$(BUNDLE_EXECUTABLE_FOLDER_PATH)/AcronymCodeChallenge1";
			};
			name = Debug;
		};
		84E2D3FC298ACC220040727F /* Release */ = {
			isa = XCBuildConfiguration;
			buildSettings = {
				BUNDLE_LOADER = "$(TEST_HOST)";
				CODE_SIGN_STYLE = Automatic;
				CURRENT_PROJECT_VERSION = 1;
				GENERATE_INFOPLIST_FILE = YES;
				MARKETING_VERSION = 1.0;
				PRODUCT_BUNDLE_IDENTIFIER = com.enhanceit.AcronymCodeChallenge1Tests;
				PRODUCT_NAME = "$(TARGET_NAME)";
				SWIFT_EMIT_LOC_STRINGS = NO;
				SWIFT_VERSION = 5.0;
				TARGETED_DEVICE_FAMILY = "1,2";
				TEST_HOST = "$(BUILT_PRODUCTS_DIR)/AcronymCodeChallenge1.app/$(BUNDLE_EXECUTABLE_FOLDER_PATH)/AcronymCodeChallenge1";
			};
			name = Release;
		};
/* End XCBuildConfiguration section */

/* Begin XCConfigurationList section */
		84E2D3BB298A97090040727F /* Build configuration list for PBXProject "AcronymCodeChallenge1" */ = {
			isa = XCConfigurationList;
			buildConfigurations = (
				84E2D3CC298A970B0040727F /* Debug */,
				84E2D3CD298A970B0040727F /* Release */,
			);
			defaultConfigurationIsVisible = 0;
			defaultConfigurationName = Release;
		};
		84E2D3CE298A970B0040727F /* Build configuration list for PBXNativeTarget "AcronymCodeChallenge1" */ = {
			isa = XCConfigurationList;
			buildConfigurations = (
				84E2D3CF298A970B0040727F /* Debug */,
				84E2D3D0298A970B0040727F /* Release */,
			);
			defaultConfigurationIsVisible = 0;
			defaultConfigurationName = Release;
		};
		84E2D3FA298ACC220040727F /* Build configuration list for PBXNativeTarget "AcronymCodeChallenge1Tests" */ = {
			isa = XCConfigurationList;
			buildConfigurations = (
				84E2D3FB298ACC220040727F /* Debug */,
				84E2D3FC298ACC220040727F /* Release */,
			);
			defaultConfigurationIsVisible = 0;
			defaultConfigurationName = Release;
		};
/* End XCConfigurationList section */
	};
	rootObject = 84E2D3B8298A97090040727F /* Project object */;
}
